
Microsoft Visual Studio Solution File, Format Version 12.00
# Visual Studio 15
VisualStudioVersion = 15.0.28307.168
MinimumVisualStudioVersion = 10.0.40219.1
Project("{9A19103F-16F7-4668-BE54-9A1E7A4F7556}") = "CashAccounts.Client", "CashAccounts.Client\CashAccounts.Client.csproj", "{1ADED613-3BB9-4D5D-AB29-0E0F236464FE}"
	ProjectSection(ProjectDependencies) = postProject
		{F7B9881B-CCE7-4CD4-980C-C016AF1206D8} = {F7B9881B-CCE7-4CD4-980C-C016AF1206D8}
	EndProjectSection
EndProject
Project("{9A19103F-16F7-4668-BE54-9A1E7A4F7556}") = "CashAccounts", "CashAccounts\CashAccounts.csproj", "{F7B9881B-CCE7-4CD4-980C-C016AF1206D8}"
EndProject
Project("{FAE04EC0-301F-11D3-BF4B-00C04F79EFBC}") = "CashAccounts.Demo", "CashAccounts.Demo\CashAccounts.Demo.csproj", "{C6B40CFB-52BB-4772-B655-50DA377704DC}"
EndProject
Global
	GlobalSection(SolutionConfigurationPlatforms) = preSolution
		Debug|Any CPU = Debug|Any CPU
		Release|Any CPU = Release|Any CPU
	EndGlobalSection
	GlobalSection(ProjectConfigurationPlatforms) = postSolution
		{1ADED613-3BB9-4D5D-AB29-0E0F236464FE}.Debug|Any CPU.ActiveCfg = Debug|Any CPU
		{1ADED613-3BB9-4D5D-AB29-0E0F236464FE}.Debug|Any CPU.Build.0 = Debug|Any CPU
		{1ADED613-3BB9-4D5D-AB29-0E0F236464FE}.Release|Any CPU.ActiveCfg = Release|Any CPU
		{1ADED613-3BB9-4D5D-AB29-0E0F236464FE}.Release|Any CPU.Build.0 = Release|Any CPU
		{F7B9881B-CCE7-4CD4-980C-C016AF1206D8}.Debug|Any CPU.ActiveCfg = Debug|Any CPU
		{F7B9881B-CCE7-4CD4-980C-C016AF1206D8}.Debug|Any CPU.Build.0 = Debug|Any CPU
		{F7B9881B-CCE7-4CD4-980C-C016AF1206D8}.Release|Any CPU.ActiveCfg = Release|Any CPU
		{F7B9881B-CCE7-4CD4-980C-C016AF1206D8}.Release|Any CPU.Build.0 = Release|Any CPU
		{C6B40CFB-52BB-4772-B655-50DA377704DC}.Debug|Any CPU.ActiveCfg = Debug|Any CPU
		{C6B40CFB-52BB-4772-B655-50DA377704DC}.Debug|Any CPU.Build.0 = Debug|Any CPU
		{C6B40CFB-52BB-4772-B655-50DA377704DC}.Release|Any CPU.ActiveCfg = Release|Any CPU
		{C6B40CFB-52BB-4772-B655-50DA377704DC}.Release|Any CPU.Build.0 = Release|Any CPU
	EndGlobalSection
	GlobalSection(SolutionProperties) = preSolution
		HideSolutionNode = FALSE
	EndGlobalSection
	GlobalSection(ExtensibilityGlobals) = postSolution
		SolutionGuid = {986013A9-67C2-4305-90FE-97255B9BF85F}
	EndGlobalSection
EndGlobal
